
Microsoft Visual Studio Solution File, Format Version 12.00
# Visual Studio Version 17
VisualStudioVersion = 17.13.35825.156 d17.13
MinimumVisualStudioVersion = 10.0.40219.1
Project("{8BC9CEB8-8B4A-11D0-8D11-00A0C91BC942}") = "Teste_Conta", "Teste_Conta.vcxproj", "{6C91E8A0-81B2-4363-A6D0-22BA17617443}"
EndProject
Project("{2150E333-8FDC-42A3-9474-1A3956D46DE8}") = "Itens de Solução", "Itens de Solução", "{380A7511-A354-6D7A-0CC0-8FA1F1BA7B6C}"
	ProjectSection(SolutionItems) = preProject
		Transacao.h = Transacao.h
	EndProjectSection
EndProject
Global
	GlobalSection(SolutionConfigurationPlatforms) = preSolution
		Debug|x64 = Debug|x64
		Debug|x86 = Debug|x86
		Release|x64 = Release|x64
		Release|x86 = Release|x86
	EndGlobalSection
	GlobalSection(ProjectConfigurationPlatforms) = postSolution
		{6C91E8A0-81B2-4363-A6D0-22BA17617443}.Debug|x64.ActiveCfg = Debug|x64
		{6C91E8A0-81B2-4363-A6D0-22BA17617443}.Debug|x64.Build.0 = Debug|x64
		{6C91E8A0-81B2-4363-A6D0-22BA17617443}.Debug|x86.ActiveCfg = Debug|Win32
		{6C91E8A0-81B2-4363-A6D0-22BA17617443}.Debug|x86.Build.0 = Debug|Win32
		{6C91E8A0-81B2-4363-A6D0-22BA17617443}.Release|x64.ActiveCfg = Release|x64
		{6C91E8A0-81B2-4363-A6D0-22BA17617443}.Release|x64.Build.0 = Release|x64
		{6C91E8A0-81B2-4363-A6D0-22BA17617443}.Release|x86.ActiveCfg = Release|Win32
		{6C91E8A0-81B2-4363-A6D0-22BA17617443}.Release|x86.Build.0 = Release|Win32
	EndGlobalSection
	GlobalSection(SolutionProperties) = preSolution
		HideSolutionNode = FALSE
	EndGlobalSection
	GlobalSection(ExtensibilityGlobals) = postSolution
		SolutionGuid = {5AB14308-3750-4F43-B33E-35C19E31807E}
	EndGlobalSection
EndGlobal
